
Microsoft Visual Studio Solution File, Format Version 12.00
# Visual Studio 14
VisualStudioVersion = 14.0.25420.1
MinimumVisualStudioVersion = 10.0.40219.1
Project("{FAE04EC0-301F-11D3-BF4B-00C04F79EFBC}") = "MobileApps", "MobileApps\MobileApps.csproj", "{7041522B-6406-4AA7-8C6D-8AD1661DD392}"
EndProject
Project("{FAE04EC0-301F-11D3-BF4B-00C04F79EFBC}") = "MobileApps.Droid", "MobileApps.Droid\MobileApps.Droid.csproj", "{B6C3195C-0075-436E-826B-FEF49284DD32}"
EndProject
Project("{FAE04EC0-301F-11D3-BF4B-00C04F79EFBC}") = "MobileApps.iOS", "MobileApps.iOS\MobileApps.iOS.csproj", "{45DA7B47-C579-4BC1-B1E5-97EEA0C669CD}"
EndProject
Project("{2150E333-8FDC-42A3-9474-1A3956D46DE8}") = "AppServices", "AppServices", "{DD507E74-1A25-452D-AB74-C75CCFD6AC9B}"
EndProject
Project("{FAE04EC0-301F-11D3-BF4B-00C04F79EFBC}") = "MobileApps.Services", "MobileApps.Services\MobileApps.Services.csproj", "{FB82B36F-9E81-4F60-9B2D-440A766A8CFB}"
EndProject
Project("{2150E333-8FDC-42A3-9474-1A3956D46DE8}") = "BusinessLayer", "BusinessLayer", "{7EFA1DA0-9759-4691-A20B-A58D61C4A679}"
EndProject
Project("{FAE04EC0-301F-11D3-BF4B-00C04F79EFBC}") = "MobileApps.BL", "MobileApps.BL\MobileApps.BL.csproj", "{52B1001A-82ED-49DD-BC14-48E300E7FCD3}"
EndProject
Project("{2150E333-8FDC-42A3-9474-1A3956D46DE8}") = "Core", "Core", "{429D2B86-837B-46E0-B427-EF7CAF2BD5C1}"
EndProject
Project("{FAE04EC0-301F-11D3-BF4B-00C04F79EFBC}") = "MobileApps.Core", "MobileApps.Core\MobileApps.Core.csproj", "{E6FD295E-D13D-4BDB-8925-94F4C87A1261}"
EndProject
Project("{2150E333-8FDC-42A3-9474-1A3956D46DE8}") = "DataLayer", "DataLayer", "{60397230-0C10-4670-A77B-6EA0AA2FBBEE}"
EndProject
Project("{FAE04EC0-301F-11D3-BF4B-00C04F79EFBC}") = "MobileApps.DAL", "MobileApps.DAL\MobileApps.DAL.csproj", "{0B12FC26-B386-44A3-98B0-C02234CB750F}"
EndProject
Project("{2150E333-8FDC-42A3-9474-1A3956D46DE8}") = "Models", "Models", "{7887A6CD-1B4D-4BCC-863B-32DEDC79A1DF}"
EndProject
Project("{FAE04EC0-301F-11D3-BF4B-00C04F79EFBC}") = "MobileApps.Models", "MobileApps.Models\MobileApps.Models.csproj", "{CCA1DE26-C4A8-461F-82B6-830984EAFA68}"
EndProject
Project("{2150E333-8FDC-42A3-9474-1A3956D46DE8}") = "Tests", "Tests", "{1FAA030B-80E9-4614-8513-C6E24C425EFB}"
EndProject
Project("{FAE04EC0-301F-11D3-BF4B-00C04F79EFBC}") = "MobileApps.IntegrationTests", "MobileApps.IntegrationTests\MobileApps.IntegrationTests.csproj", "{849DA4AF-BE7B-4E42-97C6-2C2E34C623D4}"
EndProject
Project("{FAE04EC0-301F-11D3-BF4B-00C04F79EFBC}") = "MobileApps.UnitTests", "MobileApps.UnitTests\MobileApps.UnitTests.csproj", "{4B5A03FC-8B04-4CF5-B1A6-F5A1CB018BA5}"
EndProject
Project("{FAE04EC0-301F-11D3-BF4B-00C04F79EFBC}") = "MobileApps.FunctionalUITests", "MobileApps.FunctionalUITests\MobileApps.FunctionalUITests.csproj", "{690423F1-BE57-4170-A345-6AB78E56DDBE}"
EndProject
Global
	GlobalSection(SolutionConfigurationPlatforms) = preSolution
		Debug|Any CPU = Debug|Any CPU
		Debug|iPhone = Debug|iPhone
		Debug|iPhoneSimulator = Debug|iPhoneSimulator
		PlayerDebug|Any CPU = PlayerDebug|Any CPU
		PlayerDebug|iPhone = PlayerDebug|iPhone
		PlayerDebug|iPhoneSimulator = PlayerDebug|iPhoneSimulator
		Release|Any CPU = Release|Any CPU
		Release|iPhone = Release|iPhone
		Release|iPhoneSimulator = Release|iPhoneSimulator
	EndGlobalSection
	GlobalSection(ProjectConfigurationPlatforms) = postSolution
		{7041522B-6406-4AA7-8C6D-8AD1661DD392}.Debug|Any CPU.ActiveCfg = Debug|Any CPU
		{7041522B-6406-4AA7-8C6D-8AD1661DD392}.Debug|Any CPU.Build.0 = Debug|Any CPU
		{7041522B-6406-4AA7-8C6D-8AD1661DD392}.Debug|iPhone.ActiveCfg = Debug|Any CPU
		{7041522B-6406-4AA7-8C6D-8AD1661DD392}.Debug|iPhone.Build.0 = Debug|Any CPU
		{7041522B-6406-4AA7-8C6D-8AD1661DD392}.Debug|iPhoneSimulator.ActiveCfg = Debug|Any CPU
		{7041522B-6406-4AA7-8C6D-8AD1661DD392}.Debug|iPhoneSimulator.Build.0 = Debug|Any CPU
		{7041522B-6406-4AA7-8C6D-8AD1661DD392}.PlayerDebug|Any CPU.ActiveCfg = Debug|Any CPU
		{7041522B-6406-4AA7-8C6D-8AD1661DD392}.PlayerDebug|Any CPU.Build.0 = Debug|Any CPU
		{7041522B-6406-4AA7-8C6D-8AD1661DD392}.PlayerDebug|iPhone.ActiveCfg = Debug|Any CPU
		{7041522B-6406-4AA7-8C6D-8AD1661DD392}.PlayerDebug|iPhone.Build.0 = Debug|Any CPU
		{7041522B-6406-4AA7-8C6D-8AD1661DD392}.PlayerDebug|iPhoneSimulator.ActiveCfg = Debug|Any CPU
		{7041522B-6406-4AA7-8C6D-8AD1661DD392}.PlayerDebug|iPhoneSimulator.Build.0 = Debug|Any CPU
		{7041522B-6406-4AA7-8C6D-8AD1661DD392}.Release|Any CPU.ActiveCfg = Release|Any CPU
		{7041522B-6406-4AA7-8C6D-8AD1661DD392}.Release|Any CPU.Build.0 = Release|Any CPU
		{7041522B-6406-4AA7-8C6D-8AD1661DD392}.Release|iPhone.ActiveCfg = Release|Any CPU
		{7041522B-6406-4AA7-8C6D-8AD1661DD392}.Release|iPhone.Build.0 = Release|Any CPU
		{7041522B-6406-4AA7-8C6D-8AD1661DD392}.Release|iPhoneSimulator.ActiveCfg = Release|Any CPU
		{7041522B-6406-4AA7-8C6D-8AD1661DD392}.Release|iPhoneSimulator.Build.0 = Release|Any CPU
		{B6C3195C-0075-436E-826B-FEF49284DD32}.Debug|Any CPU.ActiveCfg = Debug|Any CPU
		{B6C3195C-0075-436E-826B-FEF49284DD32}.Debug|Any CPU.Build.0 = Debug|Any CPU
		{B6C3195C-0075-436E-826B-FEF49284DD32}.Debug|Any CPU.Deploy.0 = Debug|Any CPU
		{B6C3195C-0075-436E-826B-FEF49284DD32}.Debug|iPhone.ActiveCfg = Debug|Any CPU
		{B6C3195C-0075-436E-826B-FEF49284DD32}.Debug|iPhone.Build.0 = Debug|Any CPU
		{B6C3195C-0075-436E-826B-FEF49284DD32}.Debug|iPhoneSimulator.ActiveCfg = Debug|Any CPU
		{B6C3195C-0075-436E-826B-FEF49284DD32}.Debug|iPhoneSimulator.Build.0 = Debug|Any CPU
		{B6C3195C-0075-436E-826B-FEF49284DD32}.PlayerDebug|Any CPU.ActiveCfg = PlayerDebug|Any CPU
		{B6C3195C-0075-436E-826B-FEF49284DD32}.PlayerDebug|Any CPU.Build.0 = PlayerDebug|Any CPU
		{B6C3195C-0075-436E-826B-FEF49284DD32}.PlayerDebug|Any CPU.Deploy.0 = PlayerDebug|Any CPU
		{B6C3195C-0075-436E-826B-FEF49284DD32}.PlayerDebug|iPhone.ActiveCfg = PlayerDebug|Any CPU
		{B6C3195C-0075-436E-826B-FEF49284DD32}.PlayerDebug|iPhone.Build.0 = PlayerDebug|Any CPU
		{B6C3195C-0075-436E-826B-FEF49284DD32}.PlayerDebug|iPhoneSimulator.ActiveCfg = PlayerDebug|Any CPU
		{B6C3195C-0075-436E-826B-FEF49284DD32}.PlayerDebug|iPhoneSimulator.Build.0 = PlayerDebug|Any CPU
		{B6C3195C-0075-436E-826B-FEF49284DD32}.Release|Any CPU.ActiveCfg = Release|Any CPU
		{B6C3195C-0075-436E-826B-FEF49284DD32}.Release|Any CPU.Build.0 = Release|Any CPU
		{B6C3195C-0075-436E-826B-FEF49284DD32}.Release|iPhone.ActiveCfg = Release|Any CPU
		{B6C3195C-0075-436E-826B-FEF49284DD32}.Release|iPhone.Build.0 = Release|Any CPU
		{B6C3195C-0075-436E-826B-FEF49284DD32}.Release|iPhoneSimulator.ActiveCfg = Release|Any CPU
		{B6C3195C-0075-436E-826B-FEF49284DD32}.Release|iPhoneSimulator.Build.0 = Release|Any CPU
		{45DA7B47-C579-4BC1-B1E5-97EEA0C669CD}.Debug|Any CPU.ActiveCfg = Debug|iPhoneSimulator
		{45DA7B47-C579-4BC1-B1E5-97EEA0C669CD}.Debug|Any CPU.Build.0 = Debug|iPhoneSimulator
		{45DA7B47-C579-4BC1-B1E5-97EEA0C669CD}.Debug|iPhone.ActiveCfg = Debug|iPhone
		{45DA7B47-C579-4BC1-B1E5-97EEA0C669CD}.Debug|iPhone.Build.0 = Debug|iPhone
		{45DA7B47-C579-4BC1-B1E5-97EEA0C669CD}.Debug|iPhoneSimulator.ActiveCfg = Debug|iPhoneSimulator
		{45DA7B47-C579-4BC1-B1E5-97EEA0C669CD}.Debug|iPhoneSimulator.Build.0 = Debug|iPhoneSimulator
		{45DA7B47-C579-4BC1-B1E5-97EEA0C669CD}.PlayerDebug|Any CPU.ActiveCfg = PlayerDebug|iPhoneSimulator
		{45DA7B47-C579-4BC1-B1E5-97EEA0C669CD}.PlayerDebug|Any CPU.Build.0 = PlayerDebug|iPhoneSimulator
		{45DA7B47-C579-4BC1-B1E5-97EEA0C669CD}.PlayerDebug|iPhone.ActiveCfg = PlayerDebug|iPhone
		{45DA7B47-C579-4BC1-B1E5-97EEA0C669CD}.PlayerDebug|iPhone.Build.0 = PlayerDebug|iPhone
		{45DA7B47-C579-4BC1-B1E5-97EEA0C669CD}.PlayerDebug|iPhoneSimulator.ActiveCfg = PlayerDebug|iPhoneSimulator
		{45DA7B47-C579-4BC1-B1E5-97EEA0C669CD}.PlayerDebug|iPhoneSimulator.Build.0 = PlayerDebug|iPhoneSimulator
		{45DA7B47-C579-4BC1-B1E5-97EEA0C669CD}.Release|Any CPU.ActiveCfg = Release|iPhone
		{45DA7B47-C579-4BC1-B1E5-97EEA0C669CD}.Release|Any CPU.Build.0 = Release|iPhone
		{45DA7B47-C579-4BC1-B1E5-97EEA0C669CD}.Release|iPhone.ActiveCfg = Release|iPhone
		{45DA7B47-C579-4BC1-B1E5-97EEA0C669CD}.Release|iPhone.Build.0 = Release|iPhone
		{45DA7B47-C579-4BC1-B1E5-97EEA0C669CD}.Release|iPhoneSimulator.ActiveCfg = Release|iPhoneSimulator
		{45DA7B47-C579-4BC1-B1E5-97EEA0C669CD}.Release|iPhoneSimulator.Build.0 = Release|iPhoneSimulator
		{FB82B36F-9E81-4F60-9B2D-440A766A8CFB}.Debug|Any CPU.ActiveCfg = Debug|Any CPU
		{FB82B36F-9E81-4F60-9B2D-440A766A8CFB}.Debug|Any CPU.Build.0 = Debug|Any CPU
		{FB82B36F-9E81-4F60-9B2D-440A766A8CFB}.Debug|iPhone.ActiveCfg = Debug|Any CPU
		{FB82B36F-9E81-4F60-9B2D-440A766A8CFB}.Debug|iPhone.Build.0 = Debug|Any CPU
		{FB82B36F-9E81-4F60-9B2D-440A766A8CFB}.Debug|iPhoneSimulator.ActiveCfg = Debug|Any CPU
		{FB82B36F-9E81-4F60-9B2D-440A766A8CFB}.Debug|iPhoneSimulator.Build.0 = Debug|Any CPU
		{FB82B36F-9E81-4F60-9B2D-440A766A8CFB}.PlayerDebug|Any CPU.ActiveCfg = Debug|Any CPU
		{FB82B36F-9E81-4F60-9B2D-440A766A8CFB}.PlayerDebug|Any CPU.Build.0 = Debug|Any CPU
		{FB82B36F-9E81-4F60-9B2D-440A766A8CFB}.PlayerDebug|iPhone.ActiveCfg = Debug|Any CPU
		{FB82B36F-9E81-4F60-9B2D-440A766A8CFB}.PlayerDebug|iPhone.Build.0 = Debug|Any CPU
		{FB82B36F-9E81-4F60-9B2D-440A766A8CFB}.PlayerDebug|iPhoneSimulator.ActiveCfg = Debug|Any CPU
		{FB82B36F-9E81-4F60-9B2D-440A766A8CFB}.PlayerDebug|iPhoneSimulator.Build.0 = Debug|Any CPU
		{FB82B36F-9E81-4F60-9B2D-440A766A8CFB}.Release|Any CPU.ActiveCfg = Release|Any CPU
		{FB82B36F-9E81-4F60-9B2D-440A766A8CFB}.Release|Any CPU.Build.0 = Release|Any CPU
		{FB82B36F-9E81-4F60-9B2D-440A766A8CFB}.Release|iPhone.ActiveCfg = Release|Any CPU
		{FB82B36F-9E81-4F60-9B2D-440A766A8CFB}.Release|iPhone.Build.0 = Release|Any CPU
		{FB82B36F-9E81-4F60-9B2D-440A766A8CFB}.Release|iPhoneSimulator.ActiveCfg = Release|Any CPU
		{FB82B36F-9E81-4F60-9B2D-440A766A8CFB}.Release|iPhoneSimulator.Build.0 = Release|Any CPU
		{52B1001A-82ED-49DD-BC14-48E300E7FCD3}.Debug|Any CPU.ActiveCfg = Debug|Any CPU
		{52B1001A-82ED-49DD-BC14-48E300E7FCD3}.Debug|Any CPU.Build.0 = Debug|Any CPU
		{52B1001A-82ED-49DD-BC14-48E300E7FCD3}.Debug|iPhone.ActiveCfg = Debug|Any CPU
		{52B1001A-82ED-49DD-BC14-48E300E7FCD3}.Debug|iPhone.Build.0 = Debug|Any CPU
		{52B1001A-82ED-49DD-BC14-48E300E7FCD3}.Debug|iPhoneSimulator.ActiveCfg = Debug|Any CPU
		{52B1001A-82ED-49DD-BC14-48E300E7FCD3}.Debug|iPhoneSimulator.Build.0 = Debug|Any CPU
		{52B1001A-82ED-49DD-BC14-48E300E7FCD3}.PlayerDebug|Any CPU.ActiveCfg = Debug|Any CPU
		{52B1001A-82ED-49DD-BC14-48E300E7FCD3}.PlayerDebug|Any CPU.Build.0 = Debug|Any CPU
		{52B1001A-82ED-49DD-BC14-48E300E7FCD3}.PlayerDebug|iPhone.ActiveCfg = Debug|Any CPU
		{52B1001A-82ED-49DD-BC14-48E300E7FCD3}.PlayerDebug|iPhone.Build.0 = Debug|Any CPU
		{52B1001A-82ED-49DD-BC14-48E300E7FCD3}.PlayerDebug|iPhoneSimulator.ActiveCfg = Debug|Any CPU
		{52B1001A-82ED-49DD-BC14-48E300E7FCD3}.PlayerDebug|iPhoneSimulator.Build.0 = Debug|Any CPU
		{52B1001A-82ED-49DD-BC14-48E300E7FCD3}.Release|Any CPU.ActiveCfg = Release|Any CPU
		{52B1001A-82ED-49DD-BC14-48E300E7FCD3}.Release|Any CPU.Build.0 = Release|Any CPU
		{52B1001A-82ED-49DD-BC14-48E300E7FCD3}.Release|iPhone.ActiveCfg = Release|Any CPU
		{52B1001A-82ED-49DD-BC14-48E300E7FCD3}.Release|iPhone.Build.0 = Release|Any CPU
		{52B1001A-82ED-49DD-BC14-48E300E7FCD3}.Release|iPhoneSimulator.ActiveCfg = Release|Any CPU
		{52B1001A-82ED-49DD-BC14-48E300E7FCD3}.Release|iPhoneSimulator.Build.0 = Release|Any CPU
		{E6FD295E-D13D-4BDB-8925-94F4C87A1261}.Debug|Any CPU.ActiveCfg = Debug|Any CPU
		{E6FD295E-D13D-4BDB-8925-94F4C87A1261}.Debug|Any CPU.Build.0 = Debug|Any CPU
		{E6FD295E-D13D-4BDB-8925-94F4C87A1261}.Debug|iPhone.ActiveCfg = Debug|Any CPU
		{E6FD295E-D13D-4BDB-8925-94F4C87A1261}.Debug|iPhone.Build.0 = Debug|Any CPU
		{E6FD295E-D13D-4BDB-8925-94F4C87A1261}.Debug|iPhoneSimulator.ActiveCfg = Debug|Any CPU
		{E6FD295E-D13D-4BDB-8925-94F4C87A1261}.Debug|iPhoneSimulator.Build.0 = Debug|Any CPU
		{E6FD295E-D13D-4BDB-8925-94F4C87A1261}.PlayerDebug|Any CPU.ActiveCfg = Debug|Any CPU
		{E6FD295E-D13D-4BDB-8925-94F4C87A1261}.PlayerDebug|Any CPU.Build.0 = Debug|Any CPU
		{E6FD295E-D13D-4BDB-8925-94F4C87A1261}.PlayerDebug|iPhone.ActiveCfg = Debug|Any CPU
		{E6FD295E-D13D-4BDB-8925-94F4C87A1261}.PlayerDebug|iPhone.Build.0 = Debug|Any CPU
		{E6FD295E-D13D-4BDB-8925-94F4C87A1261}.PlayerDebug|iPhoneSimulator.ActiveCfg = Debug|Any CPU
		{E6FD295E-D13D-4BDB-8925-94F4C87A1261}.PlayerDebug|iPhoneSimulator.Build.0 = Debug|Any CPU
		{E6FD295E-D13D-4BDB-8925-94F4C87A1261}.Release|Any CPU.ActiveCfg = Release|Any CPU
		{E6FD295E-D13D-4BDB-8925-94F4C87A1261}.Release|Any CPU.Build.0 = Release|Any CPU
		{E6FD295E-D13D-4BDB-8925-94F4C87A1261}.Release|iPhone.ActiveCfg = Release|Any CPU
		{E6FD295E-D13D-4BDB-8925-94F4C87A1261}.Release|iPhone.Build.0 = Release|Any CPU
		{E6FD295E-D13D-4BDB-8925-94F4C87A1261}.Release|iPhoneSimulator.ActiveCfg = Release|Any CPU
		{E6FD295E-D13D-4BDB-8925-94F4C87A1261}.Release|iPhoneSimulator.Build.0 = Release|Any CPU
		{0B12FC26-B386-44A3-98B0-C02234CB750F}.Debug|Any CPU.ActiveCfg = Debug|Any CPU
		{0B12FC26-B386-44A3-98B0-C02234CB750F}.Debug|Any CPU.Build.0 = Debug|Any CPU
		{0B12FC26-B386-44A3-98B0-C02234CB750F}.Debug|iPhone.ActiveCfg = Debug|Any CPU
		{0B12FC26-B386-44A3-98B0-C02234CB750F}.Debug|iPhone.Build.0 = Debug|Any CPU
		{0B12FC26-B386-44A3-98B0-C02234CB750F}.Debug|iPhoneSimulator.ActiveCfg = Debug|Any CPU
		{0B12FC26-B386-44A3-98B0-C02234CB750F}.Debug|iPhoneSimulator.Build.0 = Debug|Any CPU
		{0B12FC26-B386-44A3-98B0-C02234CB750F}.PlayerDebug|Any CPU.ActiveCfg = Debug|Any CPU
		{0B12FC26-B386-44A3-98B0-C02234CB750F}.PlayerDebug|Any CPU.Build.0 = Debug|Any CPU
		{0B12FC26-B386-44A3-98B0-C02234CB750F}.PlayerDebug|iPhone.ActiveCfg = Debug|Any CPU
		{0B12FC26-B386-44A3-98B0-C02234CB750F}.PlayerDebug|iPhone.Build.0 = Debug|Any CPU
		{0B12FC26-B386-44A3-98B0-C02234CB750F}.PlayerDebug|iPhoneSimulator.ActiveCfg = Debug|Any CPU
		{0B12FC26-B386-44A3-98B0-C02234CB750F}.PlayerDebug|iPhoneSimulator.Build.0 = Debug|Any CPU
		{0B12FC26-B386-44A3-98B0-C02234CB750F}.Release|Any CPU.ActiveCfg = Release|Any CPU
		{0B12FC26-B386-44A3-98B0-C02234CB750F}.Release|Any CPU.Build.0 = Release|Any CPU
		{0B12FC26-B386-44A3-98B0-C02234CB750F}.Release|iPhone.ActiveCfg = Release|Any CPU
		{0B12FC26-B386-44A3-98B0-C02234CB750F}.Release|iPhone.Build.0 = Release|Any CPU
		{0B12FC26-B386-44A3-98B0-C02234CB750F}.Release|iPhoneSimulator.ActiveCfg = Release|Any CPU
		{0B12FC26-B386-44A3-98B0-C02234CB750F}.Release|iPhoneSimulator.Build.0 = Release|Any CPU
		{CCA1DE26-C4A8-461F-82B6-830984EAFA68}.Debug|Any CPU.ActiveCfg = Debug|Any CPU
		{CCA1DE26-C4A8-461F-82B6-830984EAFA68}.Debug|Any CPU.Build.0 = Debug|Any CPU
		{CCA1DE26-C4A8-461F-82B6-830984EAFA68}.Debug|iPhone.ActiveCfg = Debug|Any CPU
		{CCA1DE26-C4A8-461F-82B6-830984EAFA68}.Debug|iPhone.Build.0 = Debug|Any CPU
		{CCA1DE26-C4A8-461F-82B6-830984EAFA68}.Debug|iPhoneSimulator.ActiveCfg = Debug|Any CPU
		{CCA1DE26-C4A8-461F-82B6-830984EAFA68}.Debug|iPhoneSimulator.Build.0 = Debug|Any CPU
		{CCA1DE26-C4A8-461F-82B6-830984EAFA68}.PlayerDebug|Any CPU.ActiveCfg = Debug|Any CPU
		{CCA1DE26-C4A8-461F-82B6-830984EAFA68}.PlayerDebug|Any CPU.Build.0 = Debug|Any CPU
		{CCA1DE26-C4A8-461F-82B6-830984EAFA68}.PlayerDebug|iPhone.ActiveCfg = Debug|Any CPU
		{CCA1DE26-C4A8-461F-82B6-830984EAFA68}.PlayerDebug|iPhone.Build.0 = Debug|Any CPU
		{CCA1DE26-C4A8-461F-82B6-830984EAFA68}.PlayerDebug|iPhoneSimulator.ActiveCfg = Debug|Any CPU
		{CCA1DE26-C4A8-461F-82B6-830984EAFA68}.PlayerDebug|iPhoneSimulator.Build.0 = Debug|Any CPU
		{CCA1DE26-C4A8-461F-82B6-830984EAFA68}.Release|Any CPU.ActiveCfg = Release|Any CPU
		{CCA1DE26-C4A8-461F-82B6-830984EAFA68}.Release|Any CPU.Build.0 = Release|Any CPU
		{CCA1DE26-C4A8-461F-82B6-830984EAFA68}.Release|iPhone.ActiveCfg = Release|Any CPU
		{CCA1DE26-C4A8-461F-82B6-830984EAFA68}.Release|iPhone.Build.0 = Release|Any CPU
		{CCA1DE26-C4A8-461F-82B6-830984EAFA68}.Release|iPhoneSimulator.ActiveCfg = Release|Any CPU
		{CCA1DE26-C4A8-461F-82B6-830984EAFA68}.Release|iPhoneSimulator.Build.0 = Release|Any CPU
		{849DA4AF-BE7B-4E42-97C6-2C2E34C623D4}.Debug|Any CPU.ActiveCfg = Debug|Any CPU
		{849DA4AF-BE7B-4E42-97C6-2C2E34C623D4}.Debug|Any CPU.Build.0 = Debug|Any CPU
		{849DA4AF-BE7B-4E42-97C6-2C2E34C623D4}.Debug|iPhone.ActiveCfg = Debug|Any CPU
		{849DA4AF-BE7B-4E42-97C6-2C2E34C623D4}.Debug|iPhone.Build.0 = Debug|Any CPU
		{849DA4AF-BE7B-4E42-97C6-2C2E34C623D4}.Debug|iPhoneSimulator.ActiveCfg = Debug|Any CPU
		{849DA4AF-BE7B-4E42-97C6-2C2E34C623D4}.Debug|iPhoneSimulator.Build.0 = Debug|Any CPU
		{849DA4AF-BE7B-4E42-97C6-2C2E34C623D4}.PlayerDebug|Any CPU.ActiveCfg = Debug|Any CPU
		{849DA4AF-BE7B-4E42-97C6-2C2E34C623D4}.PlayerDebug|Any CPU.Build.0 = Debug|Any CPU
		{849DA4AF-BE7B-4E42-97C6-2C2E34C623D4}.PlayerDebug|iPhone.ActiveCfg = Debug|Any CPU
		{849DA4AF-BE7B-4E42-97C6-2C2E34C623D4}.PlayerDebug|iPhone.Build.0 = Debug|Any CPU
		{849DA4AF-BE7B-4E42-97C6-2C2E34C623D4}.PlayerDebug|iPhoneSimulator.ActiveCfg = Debug|Any CPU
		{849DA4AF-BE7B-4E42-97C6-2C2E34C623D4}.PlayerDebug|iPhoneSimulator.Build.0 = Debug|Any CPU
		{849DA4AF-BE7B-4E42-97C6-2C2E34C623D4}.Release|Any CPU.ActiveCfg = Release|Any CPU
		{849DA4AF-BE7B-4E42-97C6-2C2E34C623D4}.Release|Any CPU.Build.0 = Release|Any CPU
		{849DA4AF-BE7B-4E42-97C6-2C2E34C623D4}.Release|iPhone.ActiveCfg = Release|Any CPU
		{849DA4AF-BE7B-4E42-97C6-2C2E34C623D4}.Release|iPhone.Build.0 = Release|Any CPU
		{849DA4AF-BE7B-4E42-97C6-2C2E34C623D4}.Release|iPhoneSimulator.ActiveCfg = Release|Any CPU
		{849DA4AF-BE7B-4E42-97C6-2C2E34C623D4}.Release|iPhoneSimulator.Build.0 = Release|Any CPU
		{4B5A03FC-8B04-4CF5-B1A6-F5A1CB018BA5}.Debug|Any CPU.ActiveCfg = Debug|Any CPU
		{4B5A03FC-8B04-4CF5-B1A6-F5A1CB018BA5}.Debug|Any CPU.Build.0 = Debug|Any CPU
		{4B5A03FC-8B04-4CF5-B1A6-F5A1CB018BA5}.Debug|iPhone.ActiveCfg = Debug|Any CPU
		{4B5A03FC-8B04-4CF5-B1A6-F5A1CB018BA5}.Debug|iPhone.Build.0 = Debug|Any CPU
		{4B5A03FC-8B04-4CF5-B1A6-F5A1CB018BA5}.Debug|iPhoneSimulator.ActiveCfg = Debug|Any CPU
		{4B5A03FC-8B04-4CF5-B1A6-F5A1CB018BA5}.Debug|iPhoneSimulator.Build.0 = Debug|Any CPU
		{4B5A03FC-8B04-4CF5-B1A6-F5A1CB018BA5}.PlayerDebug|Any CPU.ActiveCfg = Debug|Any CPU
		{4B5A03FC-8B04-4CF5-B1A6-F5A1CB018BA5}.PlayerDebug|Any CPU.Build.0 = Debug|Any CPU
		{4B5A03FC-8B04-4CF5-B1A6-F5A1CB018BA5}.PlayerDebug|iPhone.ActiveCfg = Debug|Any CPU
		{4B5A03FC-8B04-4CF5-B1A6-F5A1CB018BA5}.PlayerDebug|iPhone.Build.0 = Debug|Any CPU
		{4B5A03FC-8B04-4CF5-B1A6-F5A1CB018BA5}.PlayerDebug|iPhoneSimulator.ActiveCfg = Debug|Any CPU
		{4B5A03FC-8B04-4CF5-B1A6-F5A1CB018BA5}.PlayerDebug|iPhoneSimulator.Build.0 = Debug|Any CPU
		{4B5A03FC-8B04-4CF5-B1A6-F5A1CB018BA5}.Release|Any CPU.ActiveCfg = Release|Any CPU
		{4B5A03FC-8B04-4CF5-B1A6-F5A1CB018BA5}.Release|Any CPU.Build.0 = Release|Any CPU
		{4B5A03FC-8B04-4CF5-B1A6-F5A1CB018BA5}.Release|iPhone.ActiveCfg = Release|Any CPU
		{4B5A03FC-8B04-4CF5-B1A6-F5A1CB018BA5}.Release|iPhone.Build.0 = Release|Any CPU
		{4B5A03FC-8B04-4CF5-B1A6-F5A1CB018BA5}.Release|iPhoneSimulator.ActiveCfg = Release|Any CPU
		{4B5A03FC-8B04-4CF5-B1A6-F5A1CB018BA5}.Release|iPhoneSimulator.Build.0 = Release|Any CPU
		{690423F1-BE57-4170-A345-6AB78E56DDBE}.Debug|Any CPU.ActiveCfg = Debug|Any CPU
		{690423F1-BE57-4170-A345-6AB78E56DDBE}.Debug|Any CPU.Build.0 = Debug|Any CPU
		{690423F1-BE57-4170-A345-6AB78E56DDBE}.Debug|iPhone.ActiveCfg = Debug|Any CPU
		{690423F1-BE57-4170-A345-6AB78E56DDBE}.Debug|iPhone.Build.0 = Debug|Any CPU
		{690423F1-BE57-4170-A345-6AB78E56DDBE}.Debug|iPhoneSimulator.ActiveCfg = Debug|Any CPU
		{690423F1-BE57-4170-A345-6AB78E56DDBE}.Debug|iPhoneSimulator.Build.0 = Debug|Any CPU
		{690423F1-BE57-4170-A345-6AB78E56DDBE}.PlayerDebug|Any CPU.ActiveCfg = Debug|Any CPU
		{690423F1-BE57-4170-A345-6AB78E56DDBE}.PlayerDebug|Any CPU.Build.0 = Debug|Any CPU
		{690423F1-BE57-4170-A345-6AB78E56DDBE}.PlayerDebug|iPhone.ActiveCfg = Debug|Any CPU
		{690423F1-BE57-4170-A345-6AB78E56DDBE}.PlayerDebug|iPhone.Build.0 = Debug|Any CPU
		{690423F1-BE57-4170-A345-6AB78E56DDBE}.PlayerDebug|iPhoneSimulator.ActiveCfg = Debug|Any CPU
		{690423F1-BE57-4170-A345-6AB78E56DDBE}.PlayerDebug|iPhoneSimulator.Build.0 = Debug|Any CPU
		{690423F1-BE57-4170-A345-6AB78E56DDBE}.Release|Any CPU.ActiveCfg = Release|Any CPU
		{690423F1-BE57-4170-A345-6AB78E56DDBE}.Release|Any CPU.Build.0 = Release|Any CPU
		{690423F1-BE57-4170-A345-6AB78E56DDBE}.Release|iPhone.ActiveCfg = Release|Any CPU
		{690423F1-BE57-4170-A345-6AB78E56DDBE}.Release|iPhone.Build.0 = Release|Any CPU
		{690423F1-BE57-4170-A345-6AB78E56DDBE}.Release|iPhoneSimulator.ActiveCfg = Release|Any CPU
		{690423F1-BE57-4170-A345-6AB78E56DDBE}.Release|iPhoneSimulator.Build.0 = Release|Any CPU
	EndGlobalSection
	GlobalSection(SolutionProperties) = preSolution
		HideSolutionNode = FALSE
	EndGlobalSection
	GlobalSection(NestedProjects) = preSolution
		{FB82B36F-9E81-4F60-9B2D-440A766A8CFB} = {DD507E74-1A25-452D-AB74-C75CCFD6AC9B}
		{52B1001A-82ED-49DD-BC14-48E300E7FCD3} = {7EFA1DA0-9759-4691-A20B-A58D61C4A679}
		{E6FD295E-D13D-4BDB-8925-94F4C87A1261} = {429D2B86-837B-46E0-B427-EF7CAF2BD5C1}
		{0B12FC26-B386-44A3-98B0-C02234CB750F} = {60397230-0C10-4670-A77B-6EA0AA2FBBEE}
		{CCA1DE26-C4A8-461F-82B6-830984EAFA68} = {7887A6CD-1B4D-4BCC-863B-32DEDC79A1DF}
		{849DA4AF-BE7B-4E42-97C6-2C2E34C623D4} = {1FAA030B-80E9-4614-8513-C6E24C425EFB}
		{4B5A03FC-8B04-4CF5-B1A6-F5A1CB018BA5} = {1FAA030B-80E9-4614-8513-C6E24C425EFB}
		{690423F1-BE57-4170-A345-6AB78E56DDBE} = {1FAA030B-80E9-4614-8513-C6E24C425EFB}
	EndGlobalSection
	GlobalSection(TeamFoundationVersionControl) = preSolution
		SccNumberOfProjects = 12
		SccEnterpriseProvider = {4CA58AB2-18FA-4F8D-95D4-32DDF27D184C}
		SccTeamFoundationServer = http://sql00:8080/tfs/maxxum360collection
		SccLocalPath0 = .
		SccProjectUniqueName1 = MobileApps.BL\\MobileApps.BL.csproj
		SccProjectTopLevelParentUniqueName1 = MobileApps.sln
		SccProjectName1 = MobileApps.BL
		SccLocalPath1 = MobileApps.BL
		SccProjectUniqueName2 = MobileApps.Core\\MobileApps.Core.csproj
		SccProjectTopLevelParentUniqueName2 = MobileApps.sln
		SccProjectName2 = MobileApps.Core
		SccLocalPath2 = MobileApps.Core
		SccProjectUniqueName3 = MobileApps.DAL\\MobileApps.DAL.csproj
		SccProjectTopLevelParentUniqueName3 = MobileApps.sln
		SccProjectName3 = MobileApps.DAL
		SccLocalPath3 = MobileApps.DAL
		SccProjectUniqueName4 = MobileApps.Droid\\MobileApps.Droid.csproj
		SccProjectName4 = MobileApps.Droid
		SccLocalPath4 = MobileApps.Droid
		SccProjectUniqueName5 = MobileApps.iOS\\MobileApps.iOS.csproj
		SccProjectName5 = MobileApps.iOS
		SccLocalPath5 = MobileApps.iOS
		SccProjectUniqueName6 = MobileApps.Models\\MobileApps.Models.csproj
		SccProjectTopLevelParentUniqueName6 = MobileApps.sln
		SccProjectName6 = MobileApps.Models
		SccLocalPath6 = MobileApps.Models
		SccProjectUniqueName7 = MobileApps.Services\\MobileApps.Services.csproj
		SccProjectTopLevelParentUniqueName7 = MobileApps.sln
		SccProjectName7 = MobileApps.Services
		SccLocalPath7 = MobileApps.Services
		SccProjectUniqueName8 = MobileApps\\MobileApps.csproj
		SccProjectName8 = MobileApps
		SccLocalPath8 = MobileApps
		SccProjectUniqueName9 = MobileApps.IntegrationTests\\MobileApps.IntegrationTests.csproj
		SccProjectTopLevelParentUniqueName9 = MobileApps.sln
		SccProjectName9 = MobileApps.IntegrationTests
		SccLocalPath9 = MobileApps.IntegrationTests
		SccProjectUniqueName10 = MobileApps.UnitTests\\MobileApps.UnitTests.csproj
		SccProjectTopLevelParentUniqueName10 = MobileApps.sln
		SccProjectName10 = MobileApps.UnitTests
		SccLocalPath10 = MobileApps.UnitTests
		SccProjectUniqueName11 = MobileApps.FunctionalUITests\\MobileApps.FunctionalUITests.csproj
		SccProjectTopLevelParentUniqueName11 = MobileApps.sln
		SccProjectName11 = MobileApps.FunctionalUITests
		SccLocalPath11 = MobileApps.FunctionalUITests
	EndGlobalSection
	GlobalSection(MonoDevelopProperties) = preSolution
		version = 1.5
	EndGlobalSection
EndGlobal
